// !$*UTF8*$!
{
	archiveVersion = 1;
	classes = {
	};
	objectVersion = 46;
	objects = {

/* Begin PBXBuildFile section */
		810E6D5E1E1DECB900C6DB64 /* duration.png in Resources */ = {isa = PBXBuildFile; fileRef = 810E6D541E1DECB900C6DB64 /* duration.png */; };
		810E6D5F1E1DECB900C6DB64 /* Full-color-phone-wallpaper.jpg in Resources */ = {isa = PBXBuildFile; fileRef = 810E6D551E1DECB900C6DB64 /* Full-color-phone-wallpaper.jpg */; };
		810E6D601E1DECB900C6DB64 /* iconOnline.png in Resources */ = {isa = PBXBuildFile; fileRef = 810E6D561E1DECB900C6DB64 /* iconOnline.png */; };
		810E6D611E1DECB900C6DB64 /* maxVolume.png in Resources */ = {isa = PBXBuildFile; fileRef = 810E6D571E1DECB900C6DB64 /* maxVolume.png */; };
		810E6D621E1DECB900C6DB64 /* minVolume.png in Resources */ = {isa = PBXBuildFile; fileRef = 810E6D581E1DECB900C6DB64 /* minVolume.png */; };
		810E6D631E1DECB900C6DB64 /* pause.png in Resources */ = {isa = PBXBuildFile; fileRef = 810E6D591E1DECB900C6DB64 /* pause.png */; };
		810E6D641E1DECB900C6DB64 /* play.png in Resources */ = {isa = PBXBuildFile; fileRef = 810E6D5A1E1DECB900C6DB64 /* play.png */; };
		810E6D651E1DECB900C6DB64 /* thumb.png in Resources */ = {isa = PBXBuildFile; fileRef = 810E6D5B1E1DECB900C6DB64 /* thumb.png */; };
		810E6D661E1DECB900C6DB64 /* thumbHightLight.png in Resources */ = {isa = PBXBuildFile; fileRef = 810E6D5C1E1DECB900C6DB64 /* thumbHightLight.png */; };
		810E6D671E1DECB900C6DB64 /* zing-mp3.jpg in Resources */ = {isa = PBXBuildFile; fileRef = 810E6D5D1E1DECB900C6DB64 /* zing-mp3.jpg */; };
		810E6D691E1DF06100C6DB64 /* tableViewOnline.swift in Sources */ = {isa = PBXBuildFile; fileRef = 810E6D681E1DF06000C6DB64 /* tableViewOnline.swift */; };
		810E6D851E1DF68E00C6DB64 /* TFHpple.m in Sources */ = {isa = PBXBuildFile; fileRef = 810E6D7F1E1DF68E00C6DB64 /* TFHpple.m */; };
		810E6D861E1DF68E00C6DB64 /* TFHppleElement.m in Sources */ = {isa = PBXBuildFile; fileRef = 810E6D811E1DF68E00C6DB64 /* TFHppleElement.m */; };
		810E6D871E1DF68E00C6DB64 /* XPathQuery.m in Sources */ = {isa = PBXBuildFile; fileRef = 810E6D831E1DF68E00C6DB64 /* XPathQuery.m */; };
		810E6D881E1DF71E00C6DB64 /* libxml2.2.dylib in Frameworks */ = {isa = PBXBuildFile; fileRef = 810E6D7B1E1DF51700C6DB64 /* libxml2.2.dylib */; };
		810E6D8A1E1DFF5700C6DB64 /* Song.swift in Sources */ = {isa = PBXBuildFile; fileRef = 810E6D891E1DFF5700C6DB64 /* Song.swift */; };
		810E6D8C1E1F40D900C6DB64 /* LocalView.swift in Sources */ = {isa = PBXBuildFile; fileRef = 810E6D8B1E1F40D900C6DB64 /* LocalView.swift */; };
		810E6D901E1F8DCB00C6DB64 /* AudioPlayerView.swift in Sources */ = {isa = PBXBuildFile; fileRef = 810E6D8F1E1F8DCB00C6DB64 /* AudioPlayerView.swift */; };
		810E6D941E1F8EE000C6DB64 /* AudioPlayer.swift in Sources */ = {isa = PBXBuildFile; fileRef = 810E6D931E1F8EE000C6DB64 /* AudioPlayer.swift */; };
		810E6D9E1E24864600C6DB64 /* lyric_hightlight.png in Resources */ = {isa = PBXBuildFile; fileRef = 810E6D9C1E24864600C6DB64 /* lyric_hightlight.png */; };
		810E6D9F1E24864600C6DB64 /* lyric.png in Resources */ = {isa = PBXBuildFile; fileRef = 810E6D9D1E24864600C6DB64 /* lyric.png */; };
		81B02EF81E1CF9110062543E /* AppDelegate.swift in Sources */ = {isa = PBXBuildFile; fileRef = 81B02EF71E1CF9110062543E /* AppDelegate.swift */; };
		81B02EFD1E1CF9110062543E /* Main.storyboard in Resources */ = {isa = PBXBuildFile; fileRef = 81B02EFB1E1CF9110062543E /* Main.storyboard */; };
		81B02EFF1E1CF9110062543E /* Assets.xcassets in Resources */ = {isa = PBXBuildFile; fileRef = 81B02EFE1E1CF9110062543E /* Assets.xcassets */; };
		81B02F021E1CF9110062543E /* LaunchScreen.storyboard in Resources */ = {isa = PBXBuildFile; fileRef = 81B02F001E1CF9110062543E /* LaunchScreen.storyboard */; };
/* End PBXBuildFile section */

/* Begin PBXFileReference section */
		810E6D541E1DECB900C6DB64 /* duration.png */ = {isa = PBXFileReference; lastKnownFileType = image.png; path = duration.png; sourceTree = "<group>"; };
		810E6D551E1DECB900C6DB64 /* Full-color-phone-wallpaper.jpg */ = {isa = PBXFileReference; lastKnownFileType = image.jpeg; path = "Full-color-phone-wallpaper.jpg"; sourceTree = "<group>"; };
		810E6D561E1DECB900C6DB64 /* iconOnline.png */ = {isa = PBXFileReference; lastKnownFileType = image.png; path = iconOnline.png; sourceTree = "<group>"; };
		810E6D571E1DECB900C6DB64 /* maxVolume.png */ = {isa = PBXFileReference; lastKnownFileType = image.png; path = maxVolume.png; sourceTree = "<group>"; };
		810E6D581E1DECB900C6DB64 /* minVolume.png */ = {isa = PBXFileReference; lastKnownFileType = image.png; path = minVolume.png; sourceTree = "<group>"; };
		810E6D591E1DECB900C6DB64 /* pause.png */ = {isa = PBXFileReference; lastKnownFileType = image.png; path = pause.png; sourceTree = "<group>"; };
		810E6D5A1E1DECB900C6DB64 /* play.png */ = {isa = PBXFileReference; lastKnownFileType = image.png; path = play.png; sourceTree = "<group>"; };
		810E6D5B1E1DECB900C6DB64 /* thumb.png */ = {isa = PBXFileReference; lastKnownFileType = image.png; path = thumb.png; sourceTree = "<group>"; };
		810E6D5C1E1DECB900C6DB64 /* thumbHightLight.png */ = {isa = PBXFileReference; lastKnownFileType = image.png; path = thumbHightLight.png; sourceTree = "<group>"; };
		810E6D5D1E1DECB900C6DB64 /* zing-mp3.jpg */ = {isa = PBXFileReference; lastKnownFileType = image.jpeg; path = "zing-mp3.jpg"; sourceTree = "<group>"; };
		810E6D681E1DF06000C6DB64 /* tableViewOnline.swift */ = {isa = PBXFileReference; fileEncoding = 4; lastKnownFileType = sourcecode.swift; path = tableViewOnline.swift; sourceTree = "<group>"; };
		810E6D771E1DF36400C6DB64 /* libxml2.2.tbd */ = {isa = PBXFileReference; lastKnownFileType = "sourcecode.text-based-dylib-definition"; name = libxml2.2.tbd; path = usr/lib/libxml2.2.tbd; sourceTree = SDKROOT; };
		810E6D791E1DF3C900C6DB64 /* libxml2.2.dylib */ = {isa = PBXFileReference; lastKnownFileType = "compiled.mach-o.dylib"; name = libxml2.2.dylib; path = ../../../../../../../../usr/lib/libxml2.2.dylib; sourceTree = "<group>"; };
		810E6D7B1E1DF51700C6DB64 /* libxml2.2.dylib */ = {isa = PBXFileReference; lastKnownFileType = "compiled.mach-o.dylib"; name = libxml2.2.dylib; path = ../../../../../../../../usr/lib/libxml2.2.dylib; sourceTree = "<group>"; };
		810E6D7D1E1DF68D00C6DB64 /* ZingMp3-Bridging-Header.h */ = {isa = PBXFileReference; lastKnownFileType = sourcecode.c.h; path = "ZingMp3-Bridging-Header.h"; sourceTree = "<group>"; };
		810E6D7E1E1DF68E00C6DB64 /* TFHpple.h */ = {isa = PBXFileReference; fileEncoding = 4; lastKnownFileType = sourcecode.c.h; path = TFHpple.h; sourceTree = "<group>"; };
		810E6D7F1E1DF68E00C6DB64 /* TFHpple.m */ = {isa = PBXFileReference; fileEncoding = 4; lastKnownFileType = sourcecode.c.objc; path = TFHpple.m; sourceTree = "<group>"; };
		810E6D801E1DF68E00C6DB64 /* TFHppleElement.h */ = {isa = PBXFileReference; fileEncoding = 4; lastKnownFileType = sourcecode.c.h; path = TFHppleElement.h; sourceTree = "<group>"; };
		810E6D811E1DF68E00C6DB64 /* TFHppleElement.m */ = {isa = PBXFileReference; fileEncoding = 4; lastKnownFileType = sourcecode.c.objc; path = TFHppleElement.m; sourceTree = "<group>"; };
		810E6D821E1DF68E00C6DB64 /* XPathQuery.h */ = {isa = PBXFileReference; fileEncoding = 4; lastKnownFileType = sourcecode.c.h; path = XPathQuery.h; sourceTree = "<group>"; };
		810E6D831E1DF68E00C6DB64 /* XPathQuery.m */ = {isa = PBXFileReference; fileEncoding = 4; lastKnownFileType = sourcecode.c.objc; path = XPathQuery.m; sourceTree = "<group>"; };
		810E6D841E1DF68E00C6DB64 /* CrawlVideo-Bridging-Header.h */ = {isa = PBXFileReference; fileEncoding = 4; lastKnownFileType = sourcecode.c.h; path = "CrawlVideo-Bridging-Header.h"; sourceTree = "<group>"; };
		810E6D891E1DFF5700C6DB64 /* Song.swift */ = {isa = PBXFileReference; fileEncoding = 4; lastKnownFileType = sourcecode.swift; path = Song.swift; sourceTree = "<group>"; };
		810E6D8B1E1F40D900C6DB64 /* LocalView.swift */ = {isa = PBXFileReference; fileEncoding = 4; lastKnownFileType = sourcecode.swift; path = LocalView.swift; sourceTree = "<group>"; };
		810E6D8F1E1F8DCB00C6DB64 /* AudioPlayerView.swift */ = {isa = PBXFileReference; fileEncoding = 4; lastKnownFileType = sourcecode.swift; path = AudioPlayerView.swift; sourceTree = "<group>"; };
		810E6D931E1F8EE000C6DB64 /* AudioPlayer.swift */ = {isa = PBXFileReference; fileEncoding = 4; lastKnownFileType = sourcecode.swift; path = AudioPlayer.swift; sourceTree = "<group>"; };
		810E6D951E23329A00C6DB64 /* CoreMedia.framework */ = {isa = PBXFileReference; lastKnownFileType = wrapper.framework; name = CoreMedia.framework; path = System/Library/Frameworks/CoreMedia.framework; sourceTree = SDKROOT; };
		810E6D9C1E24864600C6DB64 /* lyric_hightlight.png */ = {isa = PBXFileReference; lastKnownFileType = image.png; path = lyric_hightlight.png; sourceTree = "<group>"; };
		810E6D9D1E24864600C6DB64 /* lyric.png */ = {isa = PBXFileReference; lastKnownFileType = image.png; path = lyric.png; sourceTree = "<group>"; };
		81B02EF41E1CF9110062543E /* ZingMp3.app */ = {isa = PBXFileReference; explicitFileType = wrapper.application; includeInIndex = 0; path = ZingMp3.app; sourceTree = BUILT_PRODUCTS_DIR; };
		81B02EF71E1CF9110062543E /* AppDelegate.swift */ = {isa = PBXFileReference; lastKnownFileType = sourcecode.swift; path = AppDelegate.swift; sourceTree = "<group>"; };
		81B02EFC1E1CF9110062543E /* Base */ = {isa = PBXFileReference; lastKnownFileType = file.storyboard; name = Base; path = Base.lproj/Main.storyboard; sourceTree = "<group>"; };
		81B02EFE1E1CF9110062543E /* Assets.xcassets */ = {isa = PBXFileReference; lastKnownFileType = folder.assetcatalog; path = Assets.xcassets; sourceTree = "<group>"; };
		81B02F011E1CF9110062543E /* Base */ = {isa = PBXFileReference; lastKnownFileType = file.storyboard; name = Base; path = Base.lproj/LaunchScreen.storyboard; sourceTree = "<group>"; };
		81B02F031E1CF9110062543E /* Info.plist */ = {isa = PBXFileReference; lastKnownFileType = text.plist.xml; path = Info.plist; sourceTree = "<group>"; };
/* End PBXFileReference section */

/* Begin PBXFrameworksBuildPhase section */
		81B02EF11E1CF9110062543E /* Frameworks */ = {
			isa = PBXFrameworksBuildPhase;
			buildActionMask = 2147483647;
			files = (
				810E6D881E1DF71E00C6DB64 /* libxml2.2.dylib in Frameworks */,
			);
			runOnlyForDeploymentPostprocessing = 0;
		};
/* End PBXFrameworksBuildPhase section */

/* Begin PBXGroup section */
		810E6D6B1E1DF32500C6DB64 /* Hpple */ = {
			isa = PBXGroup;
			children = (
				810E6D7E1E1DF68E00C6DB64 /* TFHpple.h */,
				810E6D7F1E1DF68E00C6DB64 /* TFHpple.m */,
				810E6D801E1DF68E00C6DB64 /* TFHppleElement.h */,
				810E6D811E1DF68E00C6DB64 /* TFHppleElement.m */,
				810E6D821E1DF68E00C6DB64 /* XPathQuery.h */,
				810E6D831E1DF68E00C6DB64 /* XPathQuery.m */,
				810E6D841E1DF68E00C6DB64 /* CrawlVideo-Bridging-Header.h */,
				810E6D7D1E1DF68D00C6DB64 /* ZingMp3-Bridging-Header.h */,
			);
			path = Hpple;
			sourceTree = "<group>";
		};
		810E6D761E1DF36400C6DB64 /* Frameworks */ = {
			isa = PBXGroup;
			children = (
				810E6D951E23329A00C6DB64 /* CoreMedia.framework */,
				810E6D791E1DF3C900C6DB64 /* libxml2.2.dylib */,
				810E6D771E1DF36400C6DB64 /* libxml2.2.tbd */,
			);
			name = Frameworks;
			sourceTree = "<group>";
		};
		81B02EEB1E1CF9110062543E = {
			isa = PBXGroup;
			children = (
				810E6D7B1E1DF51700C6DB64 /* libxml2.2.dylib */,
				81B02EF61E1CF9110062543E /* ZingMp3 */,
				81B02EF51E1CF9110062543E /* Products */,
				810E6D761E1DF36400C6DB64 /* Frameworks */,
			);
			sourceTree = "<group>";
		};
		81B02EF51E1CF9110062543E /* Products */ = {
			isa = PBXGroup;
			children = (
				81B02EF41E1CF9110062543E /* ZingMp3.app */,
			);
			name = Products;
			sourceTree = "<group>";
		};
		81B02EF61E1CF9110062543E /* ZingMp3 */ = {
			isa = PBXGroup;
			children = (
				810E6D6B1E1DF32500C6DB64 /* Hpple */,
				81B02F091E1CFB0B0062543E /* Resource */,
				81B02EF71E1CF9110062543E /* AppDelegate.swift */,
				810E6D891E1DFF5700C6DB64 /* Song.swift */,
				810E6D8B1E1F40D900C6DB64 /* LocalView.swift */,
				810E6D681E1DF06000C6DB64 /* tableViewOnline.swift */,
				81B02EFB1E1CF9110062543E /* Main.storyboard */,
				81B02EFE1E1CF9110062543E /* Assets.xcassets */,
				81B02F001E1CF9110062543E /* LaunchScreen.storyboard */,
				81B02F031E1CF9110062543E /* Info.plist */,
				810E6D931E1F8EE000C6DB64 /* AudioPlayer.swift */,
				810E6D8F1E1F8DCB00C6DB64 /* AudioPlayerView.swift */,
			);
			path = ZingMp3;
			sourceTree = "<group>";
		};
		81B02F091E1CFB0B0062543E /* Resource */ = {
			isa = PBXGroup;
			children = (
				810E6D9C1E24864600C6DB64 /* lyric_hightlight.png */,
				810E6D9D1E24864600C6DB64 /* lyric.png */,
				810E6D541E1DECB900C6DB64 /* duration.png */,
				810E6D551E1DECB900C6DB64 /* Full-color-phone-wallpaper.jpg */,
				810E6D561E1DECB900C6DB64 /* iconOnline.png */,
				810E6D571E1DECB900C6DB64 /* maxVolume.png */,
				810E6D581E1DECB900C6DB64 /* minVolume.png */,
				810E6D591E1DECB900C6DB64 /* pause.png */,
				810E6D5A1E1DECB900C6DB64 /* play.png */,
				810E6D5B1E1DECB900C6DB64 /* thumb.png */,
				810E6D5C1E1DECB900C6DB64 /* thumbHightLight.png */,
				810E6D5D1E1DECB900C6DB64 /* zing-mp3.jpg */,
			);
			name = Resource;
			sourceTree = "<group>";
		};
/* End PBXGroup section */

/* Begin PBXNativeTarget section */
		81B02EF31E1CF9110062543E /* ZingMp3 */ = {
			isa = PBXNativeTarget;
			buildConfigurationList = 81B02F061E1CF9110062543E /* Build configuration list for PBXNativeTarget "ZingMp3" */;
			buildPhases = (
				81B02EF01E1CF9110062543E /* Sources */,
				81B02EF11E1CF9110062543E /* Frameworks */,
				81B02EF21E1CF9110062543E /* Resources */,
			);
			buildRules = (
			);
			dependencies = (
			);
			name = ZingMp3;
			productName = ZingMp3;
			productReference = 81B02EF41E1CF9110062543E /* ZingMp3.app */;
			productType = "com.apple.product-type.application";
		};
/* End PBXNativeTarget section */

/* Begin PBXProject section */
		81B02EEC1E1CF9110062543E /* Project object */ = {
			isa = PBXProject;
			attributes = {
				LastSwiftUpdateCheck = 0820;
				LastUpgradeCheck = 0820;
				ORGANIZATIONNAME = pnh;
				TargetAttributes = {
					81B02EF31E1CF9110062543E = {
						CreatedOnToolsVersion = 8.2.1;
						DevelopmentTeam = LGTFHWXLRR;
						LastSwiftMigration = 0820;
						ProvisioningStyle = Automatic;
					};
				};
			};
			buildConfigurationList = 81B02EEF1E1CF9110062543E /* Build configuration list for PBXProject "ZingMp3" */;
			compatibilityVersion = "Xcode 3.2";
			developmentRegion = English;
			hasScannedForEncodings = 0;
			knownRegions = (
				en,
				Base,
			);
			mainGroup = 81B02EEB1E1CF9110062543E;
			productRefGroup = 81B02EF51E1CF9110062543E /* Products */;
			projectDirPath = "";
			projectRoot = "";
			targets = (
				81B02EF31E1CF9110062543E /* ZingMp3 */,
			);
		};
/* End PBXProject section */

/* Begin PBXResourcesBuildPhase section */
		81B02EF21E1CF9110062543E /* Resources */ = {
			isa = PBXResourcesBuildPhase;
			buildActionMask = 2147483647;
			files = (
				810E6D5F1E1DECB900C6DB64 /* Full-color-phone-wallpaper.jpg in Resources */,
				810E6D671E1DECB900C6DB64 /* zing-mp3.jpg in Resources */,
				810E6D641E1DECB900C6DB64 /* play.png in Resources */,
				810E6D651E1DECB900C6DB64 /* thumb.png in Resources */,
				81B02F021E1CF9110062543E /* LaunchScreen.storyboard in Resources */,
				810E6D5E1E1DECB900C6DB64 /* duration.png in Resources */,
				810E6D601E1DECB900C6DB64 /* iconOnline.png in Resources */,
				810E6D621E1DECB900C6DB64 /* minVolume.png in Resources */,
				810E6D631E1DECB900C6DB64 /* pause.png in Resources */,
				810E6D9E1E24864600C6DB64 /* lyric_hightlight.png in Resources */,
				810E6D611E1DECB900C6DB64 /* maxVolume.png in Resources */,
				81B02EFF1E1CF9110062543E /* Assets.xcassets in Resources */,
				810E6D661E1DECB900C6DB64 /* thumbHightLight.png in Resources */,
				810E6D9F1E24864600C6DB64 /* lyric.png in Resources */,
				81B02EFD1E1CF9110062543E /* Main.storyboard in Resources */,
			);
			runOnlyForDeploymentPostprocessing = 0;
		};
/* End PBXResourcesBuildPhase section */

/* Begin PBXSourcesBuildPhase section */
		81B02EF01E1CF9110062543E /* Sources */ = {
			isa = PBXSourcesBuildPhase;
			buildActionMask = 2147483647;
			files = (
				810E6D8A1E1DFF5700C6DB64 /* Song.swift in Sources */,
				810E6D861E1DF68E00C6DB64 /* TFHppleElement.m in Sources */,
				810E6D941E1F8EE000C6DB64 /* AudioPlayer.swift in Sources */,
				810E6D691E1DF06100C6DB64 /* tableViewOnline.swift in Sources */,
				810E6D871E1DF68E00C6DB64 /* XPathQuery.m in Sources */,
				810E6D901E1F8DCB00C6DB64 /* AudioPlayerView.swift in Sources */,
				810E6D851E1DF68E00C6DB64 /* TFHpple.m in Sources */,
				810E6D8C1E1F40D900C6DB64 /* LocalView.swift in Sources */,
				81B02EF81E1CF9110062543E /* AppDelegate.swift in Sources */,
			);
			runOnlyForDeploymentPostprocessing = 0;
		};
/* End PBXSourcesBuildPhase section */

/* Begin PBXVariantGroup section */
		81B02EFB1E1CF9110062543E /* Main.storyboard */ = {
			isa = PBXVariantGroup;
			children = (
				81B02EFC1E1CF9110062543E /* Base */,
			);
			name = Main.storyboard;
			sourceTree = "<group>";
		};
		81B02F001E1CF9110062543E /* LaunchScreen.storyboard */ = {
			isa = PBXVariantGroup;
			children = (
				81B02F011E1CF9110062543E /* Base */,
			);
			name = LaunchScreen.storyboard;
			sourceTree = "<group>";
		};
/* End PBXVariantGroup section */

/* Begin XCBuildConfiguration section */
		81B02F041E1CF9110062543E /* Debug */ = {
			isa = XCBuildConfiguration;
			buildSettings = {
				ALWAYS_SEARCH_USER_PATHS = NO;
				CLANG_ANALYZER_NONNULL = YES;
				CLANG_CXX_LANGUAGE_STANDARD = "gnu++0x";
				CLANG_CXX_LIBRARY = "libc++";
				CLANG_ENABLE_MODULES = YES;
				CLANG_ENABLE_OBJC_ARC = YES;
				CLANG_WARN_BOOL_CONVERSION = YES;
				CLANG_WARN_CONSTANT_CONVERSION = YES;
				CLANG_WARN_DIRECT_OBJC_ISA_USAGE = YES_ERROR;
				CLANG_WARN_DOCUMENTATION_COMMENTS = YES;
				CLANG_WARN_EMPTY_BODY = YES;
				CLANG_WARN_ENUM_CONVERSION = YES;
				CLANG_WARN_INFINITE_RECURSION = YES;
				CLANG_WARN_INT_CONVERSION = YES;
				CLANG_WARN_OBJC_ROOT_CLASS = YES_ERROR;
				CLANG_WARN_SUSPICIOUS_MOVE = YES;
				CLANG_WARN_UNREACHABLE_CODE = YES;
				CLANG_WARN__DUPLICATE_METHOD_MATCH = YES;
				"CODE_SIGN_IDENTITY[sdk=iphoneos*]" = "iPhone Developer";
				COPY_PHASE_STRIP = NO;
				DEBUG_INFORMATION_FORMAT = dwarf;
				ENABLE_STRICT_OBJC_MSGSEND = YES;
				ENABLE_TESTABILITY = YES;
				GCC_C_LANGUAGE_STANDARD = gnu99;
				GCC_DYNAMIC_NO_PIC = NO;
				GCC_NO_COMMON_BLOCKS = YES;
				GCC_OPTIMIZATION_LEVEL = 0;
				GCC_PREPROCESSOR_DEFINITIONS = (
					"DEBUG=1",
					"$(inherited)",
				);
				GCC_WARN_64_TO_32_BIT_CONVERSION = YES;
				GCC_WARN_ABOUT_RETURN_TYPE = YES_ERROR;
				GCC_WARN_UNDECLARED_SELECTOR = YES;
				GCC_WARN_UNINITIALIZED_AUTOS = YES_AGGRESSIVE;
				GCC_WARN_UNUSED_FUNCTION = YES;
				GCC_WARN_UNUSED_VARIABLE = YES;
				IPHONEOS_DEPLOYMENT_TARGET = 10.2;
				MTL_ENABLE_DEBUG_INFO = YES;
				ONLY_ACTIVE_ARCH = YES;
				SDKROOT = iphoneos;
				SWIFT_ACTIVE_COMPILATION_CONDITIONS = DEBUG;
				SWIFT_OPTIMIZATION_LEVEL = "-Onone";
				TARGETED_DEVICE_FAMILY = "1,2";
			};
			name = Debug;
		};
		81B02F051E1CF9110062543E /* Release */ = {
			isa = XCBuildConfiguration;
			buildSettings = {
				ALWAYS_SEARCH_USER_PATHS = NO;
				CLANG_ANALYZER_NONNULL = YES;
				CLANG_CXX_LANGUAGE_STANDARD = "gnu++0x";
				CLANG_CXX_LIBRARY = "libc++";
				CLANG_ENABLE_MODULES = YES;
				CLANG_ENABLE_OBJC_ARC = YES;
				CLANG_WARN_BOOL_CONVERSION = YES;
				CLANG_WARN_CONSTANT_CONVERSION = YES;
				CLANG_WARN_DIRECT_OBJC_ISA_USAGE = YES_ERROR;
				CLANG_WARN_DOCUMENTATION_COMMENTS = YES;
				CLANG_WARN_EMPTY_BODY = YES;
				CLANG_WARN_ENUM_CONVERSION = YES;
				CLANG_WARN_INFINITE_RECURSION = YES;
				CLANG_WARN_INT_CONVERSION = YES;
				CLANG_WARN_OBJC_ROOT_CLASS = YES_ERROR;
				CLANG_WARN_SUSPICIOUS_MOVE = YES;
				CLANG_WARN_UNREACHABLE_CODE = YES;
				CLANG_WARN__DUPLICATE_METHOD_MATCH = YES;
				"CODE_SIGN_IDENTITY[sdk=iphoneos*]" = "iPhone Developer";
				COPY_PHASE_STRIP = NO;
				DEBUG_INFORMATION_FORMAT = "dwarf-with-dsym";
				ENABLE_NS_ASSERTIONS = NO;
				ENABLE_STRICT_OBJC_MSGSEND = YES;
				GCC_C_LANGUAGE_STANDARD = gnu99;
				GCC_NO_COMMON_BLOCKS = YES;
				GCC_WARN_64_TO_32_BIT_CONVERSION = YES;
				GCC_WARN_ABOUT_RETURN_TYPE = YES_ERROR;
				GCC_WARN_UNDECLARED_SELECTOR = YES;
				GCC_WARN_UNINITIALIZED_AUTOS = YES_AGGRESSIVE;
				GCC_WARN_UNUSED_FUNCTION = YES;
				GCC_WARN_UNUSED_VARIABLE = YES;
				IPHONEOS_DEPLOYMENT_TARGET = 10.2;
				MTL_ENABLE_DEBUG_INFO = NO;
				SDKROOT = iphoneos;
				SWIFT_OPTIMIZATION_LEVEL = "-Owholemodule";
				TARGETED_DEVICE_FAMILY = "1,2";
				VALIDATE_PRODUCT = YES;
			};
			name = Release;
		};
		81B02F071E1CF9110062543E /* Debug */ = {
			isa = XCBuildConfiguration;
			buildSettings = {
				ASSETCATALOG_COMPILER_APPICON_NAME = AppIcon;
				CLANG_ENABLE_MODULES = YES;
				DEVELOPMENT_TEAM = LGTFHWXLRR;
				FRAMEWORK_SEARCH_PATHS = (
					"$(inherited)",
					"$(PROJECT_DIR)",
				);
				HEADER_SEARCH_PATHS = "$(SDKROOT)/usr/include/libxml2";
				INFOPLIST_FILE = ZingMp3/Info.plist;
				LD_RUNPATH_SEARCH_PATHS = "$(inherited) @executable_path/Frameworks";
				PRODUCT_BUNDLE_IDENTIFIER = com.pnh.ZingMp3;
				PRODUCT_NAME = "$(TARGET_NAME)";
				SWIFT_OBJC_BRIDGING_HEADER = "ZingMp3/Hpple/ZingMp3-Bridging-Header.h";
				SWIFT_OPTIMIZATION_LEVEL = "-Onone";
				SWIFT_VERSION = 3.0;
			};
			name = Debug;
		};
		81B02F081E1CF9110062543E /* Release */ = {
			isa = XCBuildConfiguration;
			buildSettings = {
				ASSETCATALOG_COMPILER_APPICON_NAME = AppIcon;
				CLANG_ENABLE_MODULES = YES;
				DEVELOPMENT_TEAM = LGTFHWXLRR;
				FRAMEWORK_SEARCH_PATHS = (
					"$(inherited)",
					"$(PROJECT_DIR)",
				);
				HEADER_SEARCH_PATHS = "$(SDKROOT)/usr/include/libxml2";
				INFOPLIST_FILE = ZingMp3/Info.plist;
				LD_RUNPATH_SEARCH_PATHS = "$(inherited) @executable_path/Frameworks";
				PRODUCT_BUNDLE_IDENTIFIER = com.pnh.ZingMp3;
				PRODUCT_NAME = "$(TARGET_NAME)";
				SWIFT_OBJC_BRIDGING_HEADER = "ZingMp3/Hpple/ZingMp3-Bridging-Header.h";
				SWIFT_VERSION = 3.0;
			};
			name = Release;
		};
/* End XCBuildConfiguration section */

/* Begin XCConfigurationList section */
		81B02EEF1E1CF9110062543E /* Build configuration list for PBXProject "ZingMp3" */ = {
			isa = XCConfigurationList;
			buildConfigurations = (
				81B02F041E1CF9110062543E /* Debug */,
				81B02F051E1CF9110062543E /* Release */,
			);
			defaultConfigurationIsVisible = 0;
			defaultConfigurationName = Release;
		};
		81B02F061E1CF9110062543E /* Build configuration list for PBXNativeTarget "ZingMp3" */ = {
			isa = XCConfigurationList;
			buildConfigurations = (
				81B02F071E1CF9110062543E /* Debug */,
				81B02F081E1CF9110062543E /* Release */,
			);
			defaultConfigurationIsVisible = 0;
			defaultConfigurationName = Release;
		};
/* End XCConfigurationList section */
	};
	rootObject = 81B02EEC1E1CF9110062543E /* Project object */;
}
